Microsoft Visual Studio Solution File, Format Version 11.00
# Visual Studio 2008

Project("{2857D95C-FAAD-4400-ADD4-12D465E88C8B}") = "TerrainTutorial", "Assembly-CSharp-firstpass.csproj", "{76B6519E-8F0A-150A-3132-C6EADE8BE223}"
EndProject
Project("{2857D95C-FAAD-4400-ADD4-12D465E88C8B}") = "TerrainTutorial", "Assembly-CSharp.csproj", "{A8A4F1BC-397B-4D91-1EEB-435E8911A521}"
EndProject
Project("{2857D95C-FAAD-4400-ADD4-12D465E88C8B}") = "TerrainTutorial", "Assembly-UnityScript-firstpass.unityproj", "{E3D06FDB-1EFB-20E3-CA02-B6AB5A5C5383}"
EndProject
Project("{2857D95C-FAAD-4400-ADD4-12D465E88C8B}") = "TerrainTutorial", "Assembly-UnityScript.unityproj", "{E099BB22-1C8E-4BD4-5E54-EB7AC62CD2AD}"
EndProject
Project("{2857D95C-FAAD-4400-ADD4-12D465E88C8B}") = "TerrainTutorial", "Assembly-UnityScript-Editor.unityproj", "{07E14D52-C75F-5849-A15A-82EF7DD6AF2F}"
EndProject
Global
	GlobalSection(SolutionConfigurationPlatforms) = preSolution
		Debug|Any CPU = Debug|Any CPU
		Release|Any CPU = Release|Any CPU
	EndGlobalSection
	GlobalSection(ProjectConfigurationPlatforms) = postSolution
		{76B6519E-8F0A-150A-3132-C6EADE8BE223}.Debug|Any CPU.ActiveCfg = Debug|Any CPU
		{76B6519E-8F0A-150A-3132-C6EADE8BE223}.Debug|Any CPU.Build.0 = Debug|Any CPU
		{76B6519E-8F0A-150A-3132-C6EADE8BE223}.Release|Any CPU.ActiveCfg = Release|Any CPU
		{76B6519E-8F0A-150A-3132-C6EADE8BE223}.Release|Any CPU.Build.0 = Release|Any CPU
		{A8A4F1BC-397B-4D91-1EEB-435E8911A521}.Debug|Any CPU.ActiveCfg = Debug|Any CPU
		{A8A4F1BC-397B-4D91-1EEB-435E8911A521}.Debug|Any CPU.Build.0 = Debug|Any CPU
		{A8A4F1BC-397B-4D91-1EEB-435E8911A521}.Release|Any CPU.ActiveCfg = Release|Any CPU
		{A8A4F1BC-397B-4D91-1EEB-435E8911A521}.Release|Any CPU.Build.0 = Release|Any CPU
		{E3D06FDB-1EFB-20E3-CA02-B6AB5A5C5383}.Debug|Any CPU.ActiveCfg = Debug|Any CPU
		{E3D06FDB-1EFB-20E3-CA02-B6AB5A5C5383}.Debug|Any CPU.Build.0 = Debug|Any CPU
		{E3D06FDB-1EFB-20E3-CA02-B6AB5A5C5383}.Release|Any CPU.ActiveCfg = Release|Any CPU
		{E3D06FDB-1EFB-20E3-CA02-B6AB5A5C5383}.Release|Any CPU.Build.0 = Release|Any CPU
		{E099BB22-1C8E-4BD4-5E54-EB7AC62CD2AD}.Debug|Any CPU.ActiveCfg = Debug|Any CPU
		{E099BB22-1C8E-4BD4-5E54-EB7AC62CD2AD}.Debug|Any CPU.Build.0 = Debug|Any CPU
		{E099BB22-1C8E-4BD4-5E54-EB7AC62CD2AD}.Release|Any CPU.ActiveCfg = Release|Any CPU
		{E099BB22-1C8E-4BD4-5E54-EB7AC62CD2AD}.Release|Any CPU.Build.0 = Release|Any CPU
		{07E14D52-C75F-5849-A15A-82EF7DD6AF2F}.Debug|Any CPU.ActiveCfg = Debug|Any CPU
		{07E14D52-C75F-5849-A15A-82EF7DD6AF2F}.Debug|Any CPU.Build.0 = Debug|Any CPU
		{07E14D52-C75F-5849-A15A-82EF7DD6AF2F}.Release|Any CPU.ActiveCfg = Release|Any CPU
		{07E14D52-C75F-5849-A15A-82EF7DD6AF2F}.Release|Any CPU.Build.0 = Release|Any CPU
	EndGlobalSection
	GlobalSection(SolutionProperties) = preSolution
		HideSolutionNode = FALSE
	EndGlobalSection
																						GlobalSection(MonoDevelopProperties) = preSolution
		StartupItem = Assembly-CSharp.csproj
		Policies = $0
		$0.TextStylePolicy = $1
		$1.inheritsSet = null
		$1.scope = text/x-csharp
		$0.CSharpFormattingPolicy = $2
		$2.inheritsSet = Mono
		$2.inheritsScope = text/x-csharp
		$2.scope = text/x-csharp
		$0.TextStylePolicy = $3
		$3.FileWidth = 120
		$3.TabWidth = 4
		$3.EolMarker = Unix
		$3.inheritsSet = Mono
		$3.inheritsScope = text/plain
		$3.scope = text/plain
	EndGlobalSection

EndGlobal
